
Microsoft Visual Studio Solution File, Format Version 12.00
# Visual Studio 15
VisualStudioVersion = 15.0.27130.2027
MinimumVisualStudioVersion = 10.0.40219.1
Project("{888888A0-9F3D-457C-B088-3A5042F75D52}") = "FlaskWebProject1", "FlaskWebProject1\FlaskWebProject1.pyproj", "{9E798433-20AC-4052-A4A3-D67B2F9DFADD}"
EndProject
Global
	GlobalSection(SolutionConfigurationPlatforms) = preSolution
		Debug|Any CPU = Debug|Any CPU
		Release|Any CPU = Release|Any CPU
	EndGlobalSection
	GlobalSection(ProjectConfigurationPlatforms) = postSolution
		{9E798433-20AC-4052-A4A3-D67B2F9DFADD}.Debug|Any CPU.ActiveCfg = Debug|Any CPU
		{9E798433-20AC-4052-A4A3-D67B2F9DFADD}.Debug|Any CPU.Build.0 = Debug|Any CPU
		{9E798433-20AC-4052-A4A3-D67B2F9DFADD}.Release|Any CPU.ActiveCfg = Release|Any CPU
		{9E798433-20AC-4052-A4A3-D67B2F9DFADD}.Release|Any CPU.Build.0 = Release|Any CPU
	EndGlobalSection
	GlobalSection(SolutionProperties) = preSolution
		HideSolutionNode = FALSE
	EndGlobalSection
	GlobalSection(ExtensibilityGlobals) = postSolution
		SolutionGuid = {AA9649D1-A738-4DA0-A9EB-0BCA9ABA365B}
	EndGlobalSection
EndGlobal
